
Microsoft Visual Studio Solution File, Format Version 12.00
# Visual Studio Version 16
VisualStudioVersion = 16.0.29102.190
MinimumVisualStudioVersion = 10.0.40219.1
Project("{2150E333-8FDC-42A3-9474-1A3956D46DE8}") = "Domain", "Domain", "{DD87925D-F52F-4D62-A107-2A5D2F048F8D}"
EndProject
Project("{2150E333-8FDC-42A3-9474-1A3956D46DE8}") = "Infra.Bus", "Infra.Bus", "{BB0A9E17-796C-4FAF-8F91-D64D5548EA3F}"
EndProject
Project("{2150E333-8FDC-42A3-9474-1A3956D46DE8}") = "Infra.IoC", "Infra.IoC", "{B96B0703-733C-4C6C-8458-0AD87CE6C337}"
EndProject
Project("{2150E333-8FDC-42A3-9474-1A3956D46DE8}") = "Presemtation", "Presemtation", "{FDC45D20-B8A5-420D-AC35-5FA988D8DF34}"
EndProject
Project("{9A19103F-16F7-4668-BE54-9A1E7A4F7556}") = "MicroRabbit.Domain.Core", "MicroRabbit.Domain.Core\MicroRabbit.Domain.Core.csproj", "{435B7BFD-A23A-4EB2-8862-BB359583948B}"
EndProject
Project("{9A19103F-16F7-4668-BE54-9A1E7A4F7556}") = "MicroRabit.Infra.Bus", "MicroRabit.Infra.Bus\MicroRabit.Infra.Bus.csproj", "{4F9E5FF2-A0ED-40BB-9EC8-4E9D08072108}"
EndProject
Project("{9A19103F-16F7-4668-BE54-9A1E7A4F7556}") = "MicroRabbit.Infra.IoC", "MicroRabbit.Infra.IoC\MicroRabbit.Infra.IoC.csproj", "{BFFDD497-8936-4D59-9324-7F3B7A21CE52}"
EndProject
Project("{2150E333-8FDC-42A3-9474-1A3956D46DE8}") = "Microservices", "Microservices", "{64413483-DF5F-4A86-9E63-565975A09F9A}"
EndProject
Project("{2150E333-8FDC-42A3-9474-1A3956D46DE8}") = "Banking", "Banking", "{84B83E9D-9D28-486E-BF6D-301196998F8F}"
EndProject
Project("{2150E333-8FDC-42A3-9474-1A3956D46DE8}") = "Api", "Api", "{4E2D3FF4-C494-486A-B00F-47AD472B7AC7}"
EndProject
Project("{2150E333-8FDC-42A3-9474-1A3956D46DE8}") = "Domain", "Domain", "{F1772A40-C958-4C3E-893C-F8868B79F4DE}"
EndProject
Project("{2150E333-8FDC-42A3-9474-1A3956D46DE8}") = "Application", "Application", "{8C27A841-155E-43FE-8E47-90A68840D5BA}"
EndProject
Project("{2150E333-8FDC-42A3-9474-1A3956D46DE8}") = "Data", "Data", "{F569C925-FE20-4475-AFFD-491FBA0178F9}"
EndProject
Project("{9A19103F-16F7-4668-BE54-9A1E7A4F7556}") = "MicroRabbit.Banking.Api", "MicroRabbit.Banking.Api\MicroRabbit.Banking.Api.csproj", "{FF69666A-76FC-439A-8801-83AC43694B66}"
EndProject
Project("{9A19103F-16F7-4668-BE54-9A1E7A4F7556}") = "MicroRabbit.Banking.Application", "MicroRabbit.Banking.Application\MicroRabbit.Banking.Application.csproj", "{DFCE6520-7269-40EE-87E5-06C9EBFDAF54}"
EndProject
Project("{9A19103F-16F7-4668-BE54-9A1E7A4F7556}") = "MicroRabbit.Banking.Data", "MicroRabbit.Banking.Data\MicroRabbit.Banking.Data.csproj", "{C68A1520-31B9-4C9A-A74A-5BFD6B7E0F5B}"
EndProject
Project("{9A19103F-16F7-4668-BE54-9A1E7A4F7556}") = "MicroRabbit.Banking.Domain", "MicroRabbit.Banking.Domain\MicroRabbit.Banking.Domain.csproj", "{3759280C-3032-4B31-A4E5-2C479266E9B6}"
EndProject
Project("{2150E333-8FDC-42A3-9474-1A3956D46DE8}") = "Transfer", "Transfer", "{92B2EEBE-84F8-4102-994D-5D5D88892E19}"
EndProject
Project("{2150E333-8FDC-42A3-9474-1A3956D46DE8}") = "Api", "Api", "{690B6991-A4C5-4A5B-ABA6-97FB1B754762}"
EndProject
Project("{2150E333-8FDC-42A3-9474-1A3956D46DE8}") = "Application", "Application", "{F7E4709E-B09F-479E-B4AA-8E2D3FF2B1E0}"
EndProject
Project("{2150E333-8FDC-42A3-9474-1A3956D46DE8}") = "Data", "Data", "{12369724-7F8A-487F-8848-A6D1749BE9DB}"
EndProject
Project("{2150E333-8FDC-42A3-9474-1A3956D46DE8}") = "Domain", "Domain", "{3FE1F783-06A5-4EB8-B5A3-B0E531D7D5BD}"
EndProject
Project("{9A19103F-16F7-4668-BE54-9A1E7A4F7556}") = "MicroRabbit.Transfer.Api", "MicroRabbit.Transfer.Api\MicroRabbit.Transfer.Api.csproj", "{72E4EFC5-3F70-4828-8FD8-47E352A2151C}"
EndProject
Project("{9A19103F-16F7-4668-BE54-9A1E7A4F7556}") = "MicroRabbit.Transfer.Application", "MicroRabbit.Transfer.Application\MicroRabbit.Transfer.Application.csproj", "{9BE45082-03DB-42F2-A151-937D71D5ACAA}"
EndProject
Project("{9A19103F-16F7-4668-BE54-9A1E7A4F7556}") = "MicroRabbit.Transfer.Domain", "MicroRabbit.Transfer.Domain\MicroRabbit.Transfer.Domain.csproj", "{3B838F86-010C-435D-9E7C-5C07D85E20C3}"
EndProject
Project("{9A19103F-16F7-4668-BE54-9A1E7A4F7556}") = "MicroRabbit.Transfer.Data", "MicroRabbit.Transfer.Data\MicroRabbit.Transfer.Data.csproj", "{E05136C3-76F8-41EB-B733-5DC9395D3544}"
EndProject
Project("{FAE04EC0-301F-11D3-BF4B-00C04F79EFBC}") = "MicroRabbit.MVC", "MicroRabbit.MVC\MicroRabbit.MVC.csproj", "{7B2F9132-7A75-434A-8304-A3BDC1204BE6}"
EndProject
Global
	GlobalSection(SolutionConfigurationPlatforms) = preSolution
		Debug|Any CPU = Debug|Any CPU
		Release|Any CPU = Release|Any CPU
	EndGlobalSection
	GlobalSection(ProjectConfigurationPlatforms) = postSolution
		{435B7BFD-A23A-4EB2-8862-BB359583948B}.Debug|Any CPU.ActiveCfg = Debug|Any CPU
		{435B7BFD-A23A-4EB2-8862-BB359583948B}.Debug|Any CPU.Build.0 = Debug|Any CPU
		{435B7BFD-A23A-4EB2-8862-BB359583948B}.Release|Any CPU.ActiveCfg = Release|Any CPU
		{435B7BFD-A23A-4EB2-8862-BB359583948B}.Release|Any CPU.Build.0 = Release|Any CPU
		{4F9E5FF2-A0ED-40BB-9EC8-4E9D08072108}.Debug|Any CPU.ActiveCfg = Debug|Any CPU
		{4F9E5FF2-A0ED-40BB-9EC8-4E9D08072108}.Debug|Any CPU.Build.0 = Debug|Any CPU
		{4F9E5FF2-A0ED-40BB-9EC8-4E9D08072108}.Release|Any CPU.ActiveCfg = Release|Any CPU
		{4F9E5FF2-A0ED-40BB-9EC8-4E9D08072108}.Release|Any CPU.Build.0 = Release|Any CPU
		{BFFDD497-8936-4D59-9324-7F3B7A21CE52}.Debug|Any CPU.ActiveCfg = Debug|Any CPU
		{BFFDD497-8936-4D59-9324-7F3B7A21CE52}.Debug|Any CPU.Build.0 = Debug|Any CPU
		{BFFDD497-8936-4D59-9324-7F3B7A21CE52}.Release|Any CPU.ActiveCfg = Release|Any CPU
		{BFFDD497-8936-4D59-9324-7F3B7A21CE52}.Release|Any CPU.Build.0 = Release|Any CPU
		{FF69666A-76FC-439A-8801-83AC43694B66}.Debug|Any CPU.ActiveCfg = Debug|Any CPU
		{FF69666A-76FC-439A-8801-83AC43694B66}.Debug|Any CPU.Build.0 = Debug|Any CPU
		{FF69666A-76FC-439A-8801-83AC43694B66}.Release|Any CPU.ActiveCfg = Release|Any CPU
		{FF69666A-76FC-439A-8801-83AC43694B66}.Release|Any CPU.Build.0 = Release|Any CPU
		{DFCE6520-7269-40EE-87E5-06C9EBFDAF54}.Debug|Any CPU.ActiveCfg = Debug|Any CPU
		{DFCE6520-7269-40EE-87E5-06C9EBFDAF54}.Debug|Any CPU.Build.0 = Debug|Any CPU
		{DFCE6520-7269-40EE-87E5-06C9EBFDAF54}.Release|Any CPU.ActiveCfg = Release|Any CPU
		{DFCE6520-7269-40EE-87E5-06C9EBFDAF54}.Release|Any CPU.Build.0 = Release|Any CPU
		{C68A1520-31B9-4C9A-A74A-5BFD6B7E0F5B}.Debug|Any CPU.ActiveCfg = Debug|Any CPU
		{C68A1520-31B9-4C9A-A74A-5BFD6B7E0F5B}.Debug|Any CPU.Build.0 = Debug|Any CPU
		{C68A1520-31B9-4C9A-A74A-5BFD6B7E0F5B}.Release|Any CPU.ActiveCfg = Release|Any CPU
		{C68A1520-31B9-4C9A-A74A-5BFD6B7E0F5B}.Release|Any CPU.Build.0 = Release|Any CPU
		{3759280C-3032-4B31-A4E5-2C479266E9B6}.Debug|Any CPU.ActiveCfg = Debug|Any CPU
		{3759280C-3032-4B31-A4E5-2C479266E9B6}.Debug|Any CPU.Build.0 = Debug|Any CPU
		{3759280C-3032-4B31-A4E5-2C479266E9B6}.Release|Any CPU.ActiveCfg = Release|Any CPU
		{3759280C-3032-4B31-A4E5-2C479266E9B6}.Release|Any CPU.Build.0 = Release|Any CPU
		{72E4EFC5-3F70-4828-8FD8-47E352A2151C}.Debug|Any CPU.ActiveCfg = Debug|Any CPU
		{72E4EFC5-3F70-4828-8FD8-47E352A2151C}.Debug|Any CPU.Build.0 = Debug|Any CPU
		{72E4EFC5-3F70-4828-8FD8-47E352A2151C}.Release|Any CPU.ActiveCfg = Release|Any CPU
		{72E4EFC5-3F70-4828-8FD8-47E352A2151C}.Release|Any CPU.Build.0 = Release|Any CPU
		{9BE45082-03DB-42F2-A151-937D71D5ACAA}.Debug|Any CPU.ActiveCfg = Debug|Any CPU
		{9BE45082-03DB-42F2-A151-937D71D5ACAA}.Debug|Any CPU.Build.0 = Debug|Any CPU
		{9BE45082-03DB-42F2-A151-937D71D5ACAA}.Release|Any CPU.ActiveCfg = Release|Any CPU
		{9BE45082-03DB-42F2-A151-937D71D5ACAA}.Release|Any CPU.Build.0 = Release|Any CPU
		{3B838F86-010C-435D-9E7C-5C07D85E20C3}.Debug|Any CPU.ActiveCfg = Debug|Any CPU
		{3B838F86-010C-435D-9E7C-5C07D85E20C3}.Debug|Any CPU.Build.0 = Debug|Any CPU
		{3B838F86-010C-435D-9E7C-5C07D85E20C3}.Release|Any CPU.ActiveCfg = Release|Any CPU
		{3B838F86-010C-435D-9E7C-5C07D85E20C3}.Release|Any CPU.Build.0 = Release|Any CPU
		{E05136C3-76F8-41EB-B733-5DC9395D3544}.Debug|Any CPU.ActiveCfg = Debug|Any CPU
		{E05136C3-76F8-41EB-B733-5DC9395D3544}.Debug|Any CPU.Build.0 = Debug|Any CPU
		{E05136C3-76F8-41EB-B733-5DC9395D3544}.Release|Any CPU.ActiveCfg = Release|Any CPU
		{E05136C3-76F8-41EB-B733-5DC9395D3544}.Release|Any CPU.Build.0 = Release|Any CPU
		{7B2F9132-7A75-434A-8304-A3BDC1204BE6}.Debug|Any CPU.ActiveCfg = Debug|Any CPU
		{7B2F9132-7A75-434A-8304-A3BDC1204BE6}.Debug|Any CPU.Build.0 = Debug|Any CPU
		{7B2F9132-7A75-434A-8304-A3BDC1204BE6}.Release|Any CPU.ActiveCfg = Release|Any CPU
		{7B2F9132-7A75-434A-8304-A3BDC1204BE6}.Release|Any CPU.Build.0 = Release|Any CPU
	EndGlobalSection
	GlobalSection(SolutionProperties) = preSolution
		HideSolutionNode = FALSE
	EndGlobalSection
	GlobalSection(NestedProjects) = preSolution
		{435B7BFD-A23A-4EB2-8862-BB359583948B} = {DD87925D-F52F-4D62-A107-2A5D2F048F8D}
		{4F9E5FF2-A0ED-40BB-9EC8-4E9D08072108} = {BB0A9E17-796C-4FAF-8F91-D64D5548EA3F}
		{BFFDD497-8936-4D59-9324-7F3B7A21CE52} = {B96B0703-733C-4C6C-8458-0AD87CE6C337}
		{84B83E9D-9D28-486E-BF6D-301196998F8F} = {64413483-DF5F-4A86-9E63-565975A09F9A}
		{4E2D3FF4-C494-486A-B00F-47AD472B7AC7} = {84B83E9D-9D28-486E-BF6D-301196998F8F}
		{F1772A40-C958-4C3E-893C-F8868B79F4DE} = {84B83E9D-9D28-486E-BF6D-301196998F8F}
		{8C27A841-155E-43FE-8E47-90A68840D5BA} = {84B83E9D-9D28-486E-BF6D-301196998F8F}
		{F569C925-FE20-4475-AFFD-491FBA0178F9} = {84B83E9D-9D28-486E-BF6D-301196998F8F}
		{FF69666A-76FC-439A-8801-83AC43694B66} = {4E2D3FF4-C494-486A-B00F-47AD472B7AC7}
		{DFCE6520-7269-40EE-87E5-06C9EBFDAF54} = {8C27A841-155E-43FE-8E47-90A68840D5BA}
		{C68A1520-31B9-4C9A-A74A-5BFD6B7E0F5B} = {F569C925-FE20-4475-AFFD-491FBA0178F9}
		{3759280C-3032-4B31-A4E5-2C479266E9B6} = {F1772A40-C958-4C3E-893C-F8868B79F4DE}
		{92B2EEBE-84F8-4102-994D-5D5D88892E19} = {64413483-DF5F-4A86-9E63-565975A09F9A}
		{690B6991-A4C5-4A5B-ABA6-97FB1B754762} = {92B2EEBE-84F8-4102-994D-5D5D88892E19}
		{F7E4709E-B09F-479E-B4AA-8E2D3FF2B1E0} = {92B2EEBE-84F8-4102-994D-5D5D88892E19}
		{12369724-7F8A-487F-8848-A6D1749BE9DB} = {92B2EEBE-84F8-4102-994D-5D5D88892E19}
		{3FE1F783-06A5-4EB8-B5A3-B0E531D7D5BD} = {92B2EEBE-84F8-4102-994D-5D5D88892E19}
		{72E4EFC5-3F70-4828-8FD8-47E352A2151C} = {690B6991-A4C5-4A5B-ABA6-97FB1B754762}
		{9BE45082-03DB-42F2-A151-937D71D5ACAA} = {F7E4709E-B09F-479E-B4AA-8E2D3FF2B1E0}
		{3B838F86-010C-435D-9E7C-5C07D85E20C3} = {3FE1F783-06A5-4EB8-B5A3-B0E531D7D5BD}
		{E05136C3-76F8-41EB-B733-5DC9395D3544} = {12369724-7F8A-487F-8848-A6D1749BE9DB}
		{7B2F9132-7A75-434A-8304-A3BDC1204BE6} = {FDC45D20-B8A5-420D-AC35-5FA988D8DF34}
	EndGlobalSection
	GlobalSection(ExtensibilityGlobals) = postSolution
		SolutionGuid = {B5FB096C-407E-42DF-AD1B-0A61E7C6D3B6}
	EndGlobalSection
EndGlobal
