
Microsoft Visual Studio Solution File, Format Version 12.00
# Visual Studio Version 16
VisualStudioVersion = 16.0.29102.190
MinimumVisualStudioVersion = 10.0.40219.1
Project("{2150E333-8FDC-42A3-9474-1A3956D46DE8}") = "Domain", "Domain", "{DD87925D-F52F-4D62-A107-2A5D2F048F8D}"
EndProject
Project("{2150E333-8FDC-42A3-9474-1A3956D46DE8}") = "Infra.Bus", "Infra.Bus", "{BB0A9E17-796C-4FAF-8F91-D64D5548EA3F}"
EndProject
Project("{2150E333-8FDC-42A3-9474-1A3956D46DE8}") = "Infra.IoC", "Infra.IoC", "{B96B0703-733C-4C6C-8458-0AD87CE6C337}"
EndProject
Project("{2150E333-8FDC-42A3-9474-1A3956D46DE8}") = "MicroServices", "MicroServices", "{AC04011F-8CEA-4A61-8F4E-7F824BABCE31}"
EndProject
Project("{2150E333-8FDC-42A3-9474-1A3956D46DE8}") = "Presemtation", "Presemtation", "{FDC45D20-B8A5-420D-AC35-5FA988D8DF34}"
EndProject
Project("{9A19103F-16F7-4668-BE54-9A1E7A4F7556}") = "MicroRabbit.Domain.Core", "MicroRabbit.Domain.Core\MicroRabbit.Domain.Core.csproj", "{435B7BFD-A23A-4EB2-8862-BB359583948B}"
EndProject
Project("{FAE04EC0-301F-11D3-BF4B-00C04F79EFBC}") = "MicroRabit.Infra.Bus", "MicroRabit.Infra.Bus\MicroRabit.Infra.Bus.csproj", "{4F9E5FF2-A0ED-40BB-9EC8-4E9D08072108}"
EndProject
Global
	GlobalSection(SolutionConfigurationPlatforms) = preSolution
		Debug|Any CPU = Debug|Any CPU
		Release|Any CPU = Release|Any CPU
	EndGlobalSection
	GlobalSection(ProjectConfigurationPlatforms) = postSolution
		{435B7BFD-A23A-4EB2-8862-BB359583948B}.Debug|Any CPU.ActiveCfg = Debug|Any CPU
		{435B7BFD-A23A-4EB2-8862-BB359583948B}.Debug|Any CPU.Build.0 = Debug|Any CPU
		{435B7BFD-A23A-4EB2-8862-BB359583948B}.Release|Any CPU.ActiveCfg = Release|Any CPU
		{435B7BFD-A23A-4EB2-8862-BB359583948B}.Release|Any CPU.Build.0 = Release|Any CPU
		{4F9E5FF2-A0ED-40BB-9EC8-4E9D08072108}.Debug|Any CPU.ActiveCfg = Debug|Any CPU
		{4F9E5FF2-A0ED-40BB-9EC8-4E9D08072108}.Debug|Any CPU.Build.0 = Debug|Any CPU
		{4F9E5FF2-A0ED-40BB-9EC8-4E9D08072108}.Release|Any CPU.ActiveCfg = Release|Any CPU
		{4F9E5FF2-A0ED-40BB-9EC8-4E9D08072108}.Release|Any CPU.Build.0 = Release|Any CPU
	EndGlobalSection
	GlobalSection(SolutionProperties) = preSolution
		HideSolutionNode = FALSE
	EndGlobalSection
	GlobalSection(NestedProjects) = preSolution
		{435B7BFD-A23A-4EB2-8862-BB359583948B} = {DD87925D-F52F-4D62-A107-2A5D2F048F8D}
		{4F9E5FF2-A0ED-40BB-9EC8-4E9D08072108} = {BB0A9E17-796C-4FAF-8F91-D64D5548EA3F}
	EndGlobalSection
	GlobalSection(ExtensibilityGlobals) = postSolution
		SolutionGuid = {B5FB096C-407E-42DF-AD1B-0A61E7C6D3B6}
	EndGlobalSection
EndGlobal
